
Microsoft Visual Studio Solution File, Format Version 12.00
# Visual Studio Version 16
VisualStudioVersion = 16.0.30204.135
MinimumVisualStudioVersion = 10.0.40219.1
Project("{9A19103F-16F7-4668-BE54-9A1E7A4F7556}") = "HangfireScheduler", "HangfireScheduler\HangfireScheduler.csproj", "{13C8039C-F092-4390-AA0F-E81156746962}"
EndProject
Project("{FAE04EC0-301F-11D3-BF4B-00C04F79EFBC}") = "HangfireDashboard", "HangfireDashboard\HangfireDashboard.csproj", "{0B1B910B-2A4F-43F5-B1D5-274CC8B14DFA}"
EndProject
Global
	GlobalSection(SolutionConfigurationPlatforms) = preSolution
		Debug|Any CPU = Debug|Any CPU
		Release|Any CPU = Release|Any CPU
	EndGlobalSection
	GlobalSection(ProjectConfigurationPlatforms) = postSolution
		{13C8039C-F092-4390-AA0F-E81156746962}.Debug|Any CPU.ActiveCfg = Debug|Any CPU
		{13C8039C-F092-4390-AA0F-E81156746962}.Debug|Any CPU.Build.0 = Debug|Any CPU
		{13C8039C-F092-4390-AA0F-E81156746962}.Release|Any CPU.ActiveCfg = Release|Any CPU
		{13C8039C-F092-4390-AA0F-E81156746962}.Release|Any CPU.Build.0 = Release|Any CPU
		{0B1B910B-2A4F-43F5-B1D5-274CC8B14DFA}.Debug|Any CPU.ActiveCfg = Debug|Any CPU
		{0B1B910B-2A4F-43F5-B1D5-274CC8B14DFA}.Debug|Any CPU.Build.0 = Debug|Any CPU
		{0B1B910B-2A4F-43F5-B1D5-274CC8B14DFA}.Release|Any CPU.ActiveCfg = Release|Any CPU
		{0B1B910B-2A4F-43F5-B1D5-274CC8B14DFA}.Release|Any CPU.Build.0 = Release|Any CPU
	EndGlobalSection
	GlobalSection(SolutionProperties) = preSolution
		HideSolutionNode = FALSE
	EndGlobalSection
	GlobalSection(ExtensibilityGlobals) = postSolution
		SolutionGuid = {FF1BF35F-AE3D-4B80-BDEA-8A10A6A74107}
	EndGlobalSection
EndGlobal
